
Microsoft Visual Studio Solution File, Format Version 12.00
# Visual Studio Version 16
VisualStudioVersion = 16.0.31005.135
MinimumVisualStudioVersion = 10.0.40219.1
Project("{FAE04EC0-301F-11D3-BF4B-00C04F79EFBC}") = "count", "count\count.csproj", "{D6FE593D-6994-45DB-A586-CF3EFB50C763}"
EndProject
Global
	GlobalSection(SolutionConfigurationPlatforms) = preSolution
		Debug|Any CPU = Debug|Any CPU
		Release|Any CPU = Release|Any CPU
	EndGlobalSection
	GlobalSection(ProjectConfigurationPlatforms) = postSolution
		{D6FE593D-6994-45DB-A586-CF3EFB50C763}.Debug|Any CPU.ActiveCfg = Debug|Any CPU
		{D6FE593D-6994-45DB-A586-CF3EFB50C763}.Debug|Any CPU.Build.0 = Debug|Any CPU
		{D6FE593D-6994-45DB-A586-CF3EFB50C763}.Release|Any CPU.ActiveCfg = Release|Any CPU
		{D6FE593D-6994-45DB-A586-CF3EFB50C763}.Release|Any CPU.Build.0 = Release|Any CPU
	EndGlobalSection
	GlobalSection(SolutionProperties) = preSolution
		HideSolutionNode = FALSE
	EndGlobalSection
	GlobalSection(ExtensibilityGlobals) = postSolution
		SolutionGuid = {2DC9BD4F-3A95-4ABB-A835-53DF3CB076A3}
	EndGlobalSection
EndGlobal
